
Microsoft Visual Studio Solution File, Format Version 12.00
# Visual Studio Version 17
VisualStudioVersion = 17.4.33403.182
MinimumVisualStudioVersion = 10.0.40219.1
Project("{FAE04EC0-301F-11D3-BF4B-00C04F79EFBC}") = "online-recharged-mobile", "online-recharged-mobile.csproj", "{ADDD20CD-EA8F-4087-BC0A-1445AF147AA1}"
EndProject
Global
	GlobalSection(SolutionConfigurationPlatforms) = preSolution
		Debug|Any CPU = Debug|Any CPU
		Release|Any CPU = Release|Any CPU
	EndGlobalSection
	GlobalSection(ProjectConfigurationPlatforms) = postSolution
		{ADDD20CD-EA8F-4087-BC0A-1445AF147AA1}.Debug|Any CPU.ActiveCfg = Debug|Any CPU
		{ADDD20CD-EA8F-4087-BC0A-1445AF147AA1}.Debug|Any CPU.Build.0 = Debug|Any CPU
		{ADDD20CD-EA8F-4087-BC0A-1445AF147AA1}.Release|Any CPU.ActiveCfg = Release|Any CPU
		{ADDD20CD-EA8F-4087-BC0A-1445AF147AA1}.Release|Any CPU.Build.0 = Release|Any CPU
	EndGlobalSection
	GlobalSection(SolutionProperties) = preSolution
		HideSolutionNode = FALSE
	EndGlobalSection
	GlobalSection(ExtensibilityGlobals) = postSolution
		SolutionGuid = {77F67678-49AC-4CAC-BD21-3F24F67C1E54}
	EndGlobalSection
EndGlobal
